// !$*UTF8*$!
{
	archiveVersion = 1;
	classes = {
	};
	objectVersion = 50;
	objects = {

/* Begin PBXBuildFile section */
		D869388F29DE9C150064EF52 /* AppDelegate.swift in Sources */ = {isa = PBXBuildFile; fileRef = D869388E29DE9C150064EF52 /* AppDelegate.swift */; };
		D869389129DE9C150064EF52 /* SceneDelegate.swift in Sources */ = {isa = PBXBuildFile; fileRef = D869389029DE9C150064EF52 /* SceneDelegate.swift */; };
		D869389329DE9C150064EF52 /* ViewController.swift in Sources */ = {isa = PBXBuildFile; fileRef = D869389229DE9C150064EF52 /* ViewController.swift */; };
		D869389629DE9C150064EF52 /* Main.storyboard in Resources */ = {isa = PBXBuildFile; fileRef = D869389429DE9C150064EF52 /* Main.storyboard */; };
		D869389829DE9C180064EF52 /* Assets.xcassets in Resources */ = {isa = PBXBuildFile; fileRef = D869389729DE9C180064EF52 /* Assets.xcassets */; };
		D869389B29DE9C180064EF52 /* LaunchScreen.storyboard in Resources */ = {isa = PBXBuildFile; fileRef = D869389929DE9C180064EF52 /* LaunchScreen.storyboard */; };
		D86938A429E3CFB00064EF52 /* QuestionText.swift in Sources */ = {isa = PBXBuildFile; fileRef = D86938A329E3CFB00064EF52 /* QuestionText.swift */; };
		D86938AB29E3E5880064EF52 /* QuizBrain.swift in Sources */ = {isa = PBXBuildFile; fileRef = D86938AA29E3E5880064EF52 /* QuizBrain.swift */; };
/* End PBXBuildFile section */

/* Begin PBXFileReference section */
		D869388B29DE9C150064EF52 /* Quiz.app */ = {isa = PBXFileReference; explicitFileType = wrapper.application; includeInIndex = 0; path = Quiz.app; sourceTree = BUILT_PRODUCTS_DIR; };
		D869388E29DE9C150064EF52 /* AppDelegate.swift */ = {isa = PBXFileReference; lastKnownFileType = sourcecode.swift; path = AppDelegate.swift; sourceTree = "<group>"; };
		D869389029DE9C150064EF52 /* SceneDelegate.swift */ = {isa = PBXFileReference; lastKnownFileType = sourcecode.swift; path = SceneDelegate.swift; sourceTree = "<group>"; };
		D869389229DE9C150064EF52 /* ViewController.swift */ = {isa = PBXFileReference; lastKnownFileType = sourcecode.swift; path = ViewController.swift; sourceTree = "<group>"; };
		D869389529DE9C150064EF52 /* Base */ = {isa = PBXFileReference; lastKnownFileType = file.storyboard; name = Base; path = Base.lproj/Main.storyboard; sourceTree = "<group>"; };
		D869389729DE9C180064EF52 /* Assets.xcassets */ = {isa = PBXFileReference; lastKnownFileType = folder.assetcatalog; path = Assets.xcassets; sourceTree = "<group>"; };
		D869389A29DE9C180064EF52 /* Base */ = {isa = PBXFileReference; lastKnownFileType = file.storyboard; name = Base; path = Base.lproj/LaunchScreen.storyboard; sourceTree = "<group>"; };
		D869389C29DE9C180064EF52 /* Info.plist */ = {isa = PBXFileReference; lastKnownFileType = text.plist.xml; path = Info.plist; sourceTree = "<group>"; };
		D86938A329E3CFB00064EF52 /* QuestionText.swift */ = {isa = PBXFileReference; lastKnownFileType = sourcecode.swift; path = QuestionText.swift; sourceTree = "<group>"; };
		D86938AA29E3E5880064EF52 /* QuizBrain.swift */ = {isa = PBXFileReference; lastKnownFileType = sourcecode.swift; path = QuizBrain.swift; sourceTree = "<group>"; };
/* End PBXFileReference section */

/* Begin PBXFrameworksBuildPhase section */
		D869388829DE9C150064EF52 /* Frameworks */ = {
			isa = PBXFrameworksBuildPhase;
			buildActionMask = 2147483647;
			files = (
			);
			runOnlyForDeploymentPostprocessing = 0;
		};
/* End PBXFrameworksBuildPhase section */

/* Begin PBXGroup section */
		D869388229DE9C150064EF52 = {
			isa = PBXGroup;
			children = (
				D869388D29DE9C150064EF52 /* Quiz */,
				D869388C29DE9C150064EF52 /* Products */,
			);
			sourceTree = "<group>";
		};
		D869388C29DE9C150064EF52 /* Products */ = {
			isa = PBXGroup;
			children = (
				D869388B29DE9C150064EF52 /* Quiz.app */,
			);
			name = Products;
			sourceTree = "<group>";
		};
		D869388D29DE9C150064EF52 /* Quiz */ = {
			isa = PBXGroup;
			children = (
				D869388E29DE9C150064EF52 /* AppDelegate.swift */,
				D869389029DE9C150064EF52 /* SceneDelegate.swift */,
				D86938A629E3E4D20064EF52 /* Models */,
				D86938A729E3E4DC0064EF52 /* View */,
				D86938A829E3E4E50064EF52 /* Controller */,
				D869389729DE9C180064EF52 /* Assets.xcassets */,
				D869389929DE9C180064EF52 /* LaunchScreen.storyboard */,
				D869389C29DE9C180064EF52 /* Info.plist */,
			);
			path = Quiz;
			sourceTree = "<group>";
		};
		D86938A629E3E4D20064EF52 /* Models */ = {
			isa = PBXGroup;
			children = (
				D86938A329E3CFB00064EF52 /* QuestionText.swift */,
				D86938AA29E3E5880064EF52 /* QuizBrain.swift */,
			);
			path = Models;
			sourceTree = "<group>";
		};
		D86938A729E3E4DC0064EF52 /* View */ = {
			isa = PBXGroup;
			children = (
				D869389429DE9C150064EF52 /* Main.storyboard */,
			);
			path = View;
			sourceTree = "<group>";
		};
		D86938A829E3E4E50064EF52 /* Controller */ = {
			isa = PBXGroup;
			children = (
				D869389229DE9C150064EF52 /* ViewController.swift */,
			);
			path = Controller;
			sourceTree = "<group>";
		};
/* End PBXGroup section */

/* Begin PBXNativeTarget section */
		D869388A29DE9C150064EF52 /* Quiz */ = {
			isa = PBXNativeTarget;
			buildConfigurationList = D869389F29DE9C180064EF52 /* Build configuration list for PBXNativeTarget "Quiz" */;
			buildPhases = (
				D869388729DE9C150064EF52 /* Sources */,
				D869388829DE9C150064EF52 /* Frameworks */,
				D869388929DE9C150064EF52 /* Resources */,
			);
			buildRules = (
			);
			dependencies = (
			);
			name = Quiz;
			productName = Quiz;
			productReference = D869388B29DE9C150064EF52 /* Quiz.app */;
			productType = "com.apple.product-type.application";
		};
/* End PBXNativeTarget section */

/* Begin PBXProject section */
		D869388329DE9C150064EF52 /* Project object */ = {
			isa = PBXProject;
			attributes = {
				LastSwiftUpdateCheck = 1240;
				LastUpgradeCheck = 1240;
				TargetAttributes = {
					D869388A29DE9C150064EF52 = {
						CreatedOnToolsVersion = 12.4;
					};
				};
			};
			buildConfigurationList = D869388629DE9C150064EF52 /* Build configuration list for PBXProject "Quiz" */;
			compatibilityVersion = "Xcode 9.3";
			developmentRegion = en;
			hasScannedForEncodings = 0;
			knownRegions = (
				en,
				Base,
			);
			mainGroup = D869388229DE9C150064EF52;
			productRefGroup = D869388C29DE9C150064EF52 /* Products */;
			projectDirPath = "";
			projectRoot = "";
			targets = (
				D869388A29DE9C150064EF52 /* Quiz */,
			);
		};
/* End PBXProject section */

/* Begin PBXResourcesBuildPhase section */
		D869388929DE9C150064EF52 /* Resources */ = {
			isa = PBXResourcesBuildPhase;
			buildActionMask = 2147483647;
			files = (
				D869389B29DE9C180064EF52 /* LaunchScreen.storyboard in Resources */,
				D869389829DE9C180064EF52 /* Assets.xcassets in Resources */,
				D869389629DE9C150064EF52 /* Main.storyboard in Resources */,
			);
			runOnlyForDeploymentPostprocessing = 0;
		};
/* End PBXResourcesBuildPhase section */

/* Begin PBXSourcesBuildPhase section */
		D869388729DE9C150064EF52 /* Sources */ = {
			isa = PBXSourcesBuildPhase;
			buildActionMask = 2147483647;
			files = (
				D86938AB29E3E5880064EF52 /* QuizBrain.swift in Sources */,
				D869389329DE9C150064EF52 /* ViewController.swift in Sources */,
				D869388F29DE9C150064EF52 /* AppDelegate.swift in Sources */,
				D86938A429E3CFB00064EF52 /* QuestionText.swift in Sources */,
				D869389129DE9C150064EF52 /* SceneDelegate.swift in Sources */,
			);
			runOnlyForDeploymentPostprocessing = 0;
		};
/* End PBXSourcesBuildPhase section */

/* Begin PBXVariantGroup section */
		D869389429DE9C150064EF52 /* Main.storyboard */ = {
			isa = PBXVariantGroup;
			children = (
				D869389529DE9C150064EF52 /* Base */,
			);
			name = Main.storyboard;
			sourceTree = "<group>";
		};
		D869389929DE9C180064EF52 /* LaunchScreen.storyboard */ = {
			isa = PBXVariantGroup;
			children = (
				D869389A29DE9C180064EF52 /* Base */,
			);
			name = LaunchScreen.storyboard;
			sourceTree = "<group>";
		};
/* End PBXVariantGroup section */

/* Begin XCBuildConfiguration section */
		D869389D29DE9C180064EF52 /* Debug */ = {
			isa = XCBuildConfiguration;
			buildSettings = {
				ALWAYS_SEARCH_USER_PATHS = NO;
				CLANG_ANALYZER_NONNULL = YES;
				CLANG_ANALYZER_NUMBER_OBJECT_CONVERSION = YES_AGGRESSIVE;
				CLANG_CXX_LANGUAGE_STANDARD = "gnu++14";
				CLANG_CXX_LIBRARY = "libc++";
				CLANG_ENABLE_MODULES = YES;
				CLANG_ENABLE_OBJC_ARC = YES;
				CLANG_ENABLE_OBJC_WEAK = YES;
				CLANG_WARN_BLOCK_CAPTURE_AUTORELEASING = YES;
				CLANG_WARN_BOOL_CONVERSION = YES;
				CLANG_WARN_COMMA = YES;
				CLANG_WARN_CONSTANT_CONVERSION = YES;
				CLANG_WARN_DEPRECATED_OBJC_IMPLEMENTATIONS = YES;
				CLANG_WARN_DIRECT_OBJC_ISA_USAGE = YES_ERROR;
				CLANG_WARN_DOCUMENTATION_COMMENTS = YES;
				CLANG_WARN_EMPTY_BODY = YES;
				CLANG_WARN_ENUM_CONVERSION = YES;
				CLANG_WARN_INFINITE_RECURSION = YES;
				CLANG_WARN_INT_CONVERSION = YES;
				CLANG_WARN_NON_LITERAL_NULL_CONVERSION = YES;
				CLANG_WARN_OBJC_IMPLICIT_RETAIN_SELF = YES;
				CLANG_WARN_OBJC_LITERAL_CONVERSION = YES;
				CLANG_WARN_OBJC_ROOT_CLASS = YES_ERROR;
				CLANG_WARN_QUOTED_INCLUDE_IN_FRAMEWORK_HEADER = YES;
				CLANG_WARN_RANGE_LOOP_ANALYSIS = YES;
				CLANG_WARN_STRICT_PROTOTYPES = YES;
				CLANG_WARN_SUSPICIOUS_MOVE = YES;
				CLANG_WARN_UNGUARDED_AVAILABILITY = YES_AGGRESSIVE;
				CLANG_WARN_UNREACHABLE_CODE = YES;
				CLANG_WARN__DUPLICATE_METHOD_MATCH = YES;
				COPY_PHASE_STRIP = NO;
				DEBUG_INFORMATION_FORMAT = dwarf;
				ENABLE_STRICT_OBJC_MSGSEND = YES;
				ENABLE_TESTABILITY = YES;
				GCC_C_LANGUAGE_STANDARD = gnu11;
				GCC_DYNAMIC_NO_PIC = NO;
				GCC_NO_COMMON_BLOCKS = YES;
				GCC_OPTIMIZATION_LEVEL = 0;
				GCC_PREPROCESSOR_DEFINITIONS = (
					"DEBUG=1",
					"$(inherited)",
				);
				GCC_WARN_64_TO_32_BIT_CONVERSION = YES;
				GCC_WARN_ABOUT_RETURN_TYPE = YES_ERROR;
				GCC_WARN_UNDECLARED_SELECTOR = YES;
				GCC_WARN_UNINITIALIZED_AUTOS = YES_AGGRESSIVE;
				GCC_WARN_UNUSED_FUNCTION = YES;
				GCC_WARN_UNUSED_VARIABLE = YES;
				IPHONEOS_DEPLOYMENT_TARGET = 14.4;
				MTL_ENABLE_DEBUG_INFO = INCLUDE_SOURCE;
				MTL_FAST_MATH = YES;
				ONLY_ACTIVE_ARCH = YES;
				SDKROOT = iphoneos;
				SWIFT_ACTIVE_COMPILATION_CONDITIONS = DEBUG;
				SWIFT_OPTIMIZATION_LEVEL = "-Onone";
			};
			name = Debug;
		};
		D869389E29DE9C180064EF52 /* Release */ = {
			isa = XCBuildConfiguration;
			buildSettings = {
				ALWAYS_SEARCH_USER_PATHS = NO;
				CLANG_ANALYZER_NONNULL = YES;
				CLANG_ANALYZER_NUMBER_OBJECT_CONVERSION = YES_AGGRESSIVE;
				CLANG_CXX_LANGUAGE_STANDARD = "gnu++14";
				CLANG_CXX_LIBRARY = "libc++";
				CLANG_ENABLE_MODULES = YES;
				CLANG_ENABLE_OBJC_ARC = YES;
				CLANG_ENABLE_OBJC_WEAK = YES;
				CLANG_WARN_BLOCK_CAPTURE_AUTORELEASING = YES;
				CLANG_WARN_BOOL_CONVERSION = YES;
				CLANG_WARN_COMMA = YES;
				CLANG_WARN_CONSTANT_CONVERSION = YES;
				CLANG_WARN_DEPRECATED_OBJC_IMPLEMENTATIONS = YES;
				CLANG_WARN_DIRECT_OBJC_ISA_USAGE = YES_ERROR;
				CLANG_WARN_DOCUMENTATION_COMMENTS = YES;
				CLANG_WARN_EMPTY_BODY = YES;
				CLANG_WARN_ENUM_CONVERSION = YES;
				CLANG_WARN_INFINITE_RECURSION = YES;
				CLANG_WARN_INT_CONVERSION = YES;
				CLANG_WARN_NON_LITERAL_NULL_CONVERSION = YES;
				CLANG_WARN_OBJC_IMPLICIT_RETAIN_SELF = YES;
				CLANG_WARN_OBJC_LITERAL_CONVERSION = YES;
				CLANG_WARN_OBJC_ROOT_CLASS = YES_ERROR;
				CLANG_WARN_QUOTED_INCLUDE_IN_FRAMEWORK_HEADER = YES;
				CLANG_WARN_RANGE_LOOP_ANALYSIS = YES;
				CLANG_WARN_STRICT_PROTOTYPES = YES;
				CLANG_WARN_SUSPICIOUS_MOVE = YES;
				CLANG_WARN_UNGUARDED_AVAILABILITY = YES_AGGRESSIVE;
				CLANG_WARN_UNREACHABLE_CODE = YES;
				CLANG_WARN__DUPLICATE_METHOD_MATCH = YES;
				COPY_PHASE_STRIP = NO;
				DEBUG_INFORMATION_FORMAT = "dwarf-with-dsym";
				ENABLE_NS_ASSERTIONS = NO;
				ENABLE_STRICT_OBJC_MSGSEND = YES;
				GCC_C_LANGUAGE_STANDARD = gnu11;
				GCC_NO_COMMON_BLOCKS = YES;
				GCC_WARN_64_TO_32_BIT_CONVERSION = YES;
				GCC_WARN_ABOUT_RETURN_TYPE = YES_ERROR;
				GCC_WARN_UNDECLARED_SELECTOR = YES;
				GCC_WARN_UNINITIALIZED_AUTOS = YES_AGGRESSIVE;
				GCC_WARN_UNUSED_FUNCTION = YES;
				GCC_WARN_UNUSED_VARIABLE = YES;
				IPHONEOS_DEPLOYMENT_TARGET = 14.4;
				MTL_ENABLE_DEBUG_INFO = NO;
				MTL_FAST_MATH = YES;
				SDKROOT = iphoneos;
				SWIFT_COMPILATION_MODE = wholemodule;
				SWIFT_OPTIMIZATION_LEVEL = "-O";
				VALIDATE_PRODUCT = YES;
			};
			name = Release;
		};
		D86938A029DE9C180064EF52 /* Debug */ = {
			isa = XCBuildConfiguration;
			buildSettings = {
				ASSETCATALOG_COMPILER_APPICON_NAME = AppIcon;
				ASSETCATALOG_COMPILER_GLOBAL_ACCENT_COLOR_NAME = AccentColor;
				CODE_SIGN_STYLE = Automatic;
				INFOPLIST_FILE = Quiz/Info.plist;
				LD_RUNPATH_SEARCH_PATHS = (
					"$(inherited)",
					"@executable_path/Frameworks",
				);
				PRODUCT_BUNDLE_IDENTIFIER = varun.Quiz;
				PRODUCT_NAME = "$(TARGET_NAME)";
				SWIFT_VERSION = 5.0;
				TARGETED_DEVICE_FAMILY = "1,2";
			};
			name = Debug;
		};
		D86938A129DE9C180064EF52 /* Release */ = {
			isa = XCBuildConfiguration;
			buildSettings = {
				ASSETCATALOG_COMPILER_APPICON_NAME = AppIcon;
				ASSETCATALOG_COMPILER_GLOBAL_ACCENT_COLOR_NAME = AccentColor;
				CODE_SIGN_STYLE = Automatic;
				INFOPLIST_FILE = Quiz/Info.plist;
				LD_RUNPATH_SEARCH_PATHS = (
					"$(inherited)",
					"@executable_path/Frameworks",
				);
				PRODUCT_BUNDLE_IDENTIFIER = varun.Quiz;
				PRODUCT_NAME = "$(TARGET_NAME)";
				SWIFT_VERSION = 5.0;
				TARGETED_DEVICE_FAMILY = "1,2";
			};
			name = Release;
		};
/* End XCBuildConfiguration section */

/* Begin XCConfigurationList section */
		D869388629DE9C150064EF52 /* Build configuration list for PBXProject "Quiz" */ = {
			isa = XCConfigurationList;
			buildConfigurations = (
				D869389D29DE9C180064EF52 /* Debug */,
				D869389E29DE9C180064EF52 /* Release */,
			);
			defaultConfigurationIsVisible = 0;
			defaultConfigurationName = Release;
		};
		D869389F29DE9C180064EF52 /* Build configuration list for PBXNativeTarget "Quiz" */ = {
			isa = XCConfigurationList;
			buildConfigurations = (
				D86938A029DE9C180064EF52 /* Debug */,
				D86938A129DE9C180064EF52 /* Release */,
			);
			defaultConfigurationIsVisible = 0;
			defaultConfigurationName = Release;
		};
/* End XCConfigurationList section */
	};
	rootObject = D869388329DE9C150064EF52 /* Project object */;
}
